
Microsoft Visual Studio Solution File, Format Version 11.00
# Visual Studio 2010
Project("{F184B08F-C81C-45F6-A57F-5ABD9991F28F}") = "PingerApp", "PingerApp\PingerApp.vbproj", "{12EAC5CE-378E-4DED-8F17-579217E2380C}"
EndProject
Global
	GlobalSection(SolutionConfigurationPlatforms) = preSolution
		Debug|x86 = Debug|x86
		Release|x86 = Release|x86
	EndGlobalSection
	GlobalSection(ProjectConfigurationPlatforms) = postSolution
		{12EAC5CE-378E-4DED-8F17-579217E2380C}.Debug|x86.ActiveCfg = Debug|x86
		{12EAC5CE-378E-4DED-8F17-579217E2380C}.Debug|x86.Build.0 = Debug|x86
		{12EAC5CE-378E-4DED-8F17-579217E2380C}.Release|x86.ActiveCfg = Release|x86
		{12EAC5CE-378E-4DED-8F17-579217E2380C}.Release|x86.Build.0 = Release|x86
	EndGlobalSection
	GlobalSection(SolutionProperties) = preSolution
		HideSolutionNode = FALSE
	EndGlobalSection
EndGlobal
